<?xml version="1.0" encoding="utf-8"?>
<Project ToolsVersion="4.0" xmlns="http://schemas.microsoft.com/developer/msbuild/2003">
  <!-- 1. Definición de filtros -->
  <ItemGroup>
    <Filter Include="Archivos de origen">
      <UniqueIdentifier>{4FC737F1-C7A5-4376-A066-2A32D752A2FF}</UniqueIdentifier>
      <Extensions>cpp;c;cc;cxx;c++;cppm;ixx;def;odl;idl;hpj;bat;asm;asmx</Extensions>
    </Filter>
    <Filter Include="Archivos de encabezado">
      <UniqueIdentifier>{93995380-89BD-4B04-88EB-625FBE52EBFB}</UniqueIdentifier>
      <Extensions>h;hh;hpp;hxx;h++;hm;inl;inc;ipp;xsd</Extensions>
    </Filter>
    <Filter Include="Archivos de recursos">
      <UniqueIdentifier>{67DA6AB6-F800-4C08-8B7A-83BB121AAD01}</UniqueIdentifier>
      <Extensions>rc;ico;cur;bmp;dlg;rc2;rct;bin;rgs;gif;jpg;jpeg;jpe;resx;tiff;tif;png;wav</Extensions>
    </Filter>
  </ItemGroup>
  <!-- 2. Wildcards únicos para cada tipo -->
  <ItemGroup>
    <!-- Todos los .cpp bajo src\ y subcarpetas -->
    <ClCompile Include="NumbersChallenge\src\DFS.cpp">
      <Filter>Archivos de origen</Filter>
    </ClCompile>
    <ClCompile Include="Common\src\commonFunctions.cpp">
      <Filter>Archivos de origen</Filter>
    </ClCompile>
    <ClCompile Include="LettersChallenge\src\HeuristicFactory.cpp">
      <Filter>Archivos de origen</Filter>
    </ClCompile>
    <ClCompile Include="LettersChallenge\src\HeightHeuristic.cpp">
      <Filter>Archivos de origen</Filter>
    </ClCompile>
    <ClCompile Include="LettersChallenge\src\AlphabeticalOrderHeuristic.cpp">
      <Filter>Archivos de origen</Filter>
    </ClCompile>
    <ClCompile Include="LettersChallenge\src\ReachableWordsHeuristic.cpp">
      <Filter>Archivos de origen</Filter>
    </ClCompile>
    <ClCompile Include="LettersChallenge\src\IHeuristic.cpp">
      <Filter>Archivos de origen</Filter>
    </ClCompile>
    <ClCompile Include="NumbersChallenge\src\numbersChallenge.cpp">
      <Filter>Archivos de origen</Filter>
    </ClCompile>
    <ClCompile Include="LettersChallenge\src\lettersChallenge.cpp">
      <Filter>Archivos de origen</Filter>
    </ClCompile>
    <ClCompile Include="NumbersChallenge\src\Search.cpp">
      <Filter>Archivos de origen</Filter>
    </ClCompile>
    <ClCompile Include="CLI\Source.cpp">
      <Filter>Archivos de origen</Filter>
    </ClCompile>
    <ClCompile Include="LettersChallenge\src\Trie.cpp">
      <Filter>Archivos de origen</Filter>
    </ClCompile>
    <ClCompile Include="LettersChallenge\src\TrieSolver.cpp">
      <Filter>Archivos de origen</Filter>
    </ClCompile>
    <ClInclude Include="NumbersChallenge\include\DFS.h">
      <Filter>Archivos de encabezado</Filter>
    </ClInclude>
    <ClInclude Include="Common\include\commonFunctions.h">
      <Filter>Archivos de encabezado</Filter>
    </ClInclude>
    <ClInclude Include="LettersChallenge\include\HeuristicFactory.h">
      <Filter>Archivos de encabezado</Filter>
    </ClInclude>
    <ClInclude Include="LettersChallenge\include\HeightHeuristic.h">
      <Filter>Archivos de encabezado</Filter>
    </ClInclude>
    <ClInclude Include="LettersChallenge\include\AlphabeticalOrderHeuristic.h">
      <Filter>Archivos de encabezado</Filter>
    </ClInclude>
    <ClInclude Include="LettersChallenge\include\ReachableWordsHeuristic.h">
      <Filter>Archivos de encabezado</Filter>
    </ClInclude>
    <ClInclude Include="LettersChallenge\include\IHeuristic.h">
      <Filter>Archivos de encabezado</Filter>
    </ClInclude>
    <ClInclude Include="NumbersChallenge\include\numbersChallenge.h">
      <Filter>Archivos de encabezado</Filter>
    </ClInclude>
    <ClInclude Include="LettersChallenge\include\lettersChallenge.h">
      <Filter>Archivos de encabezado</Filter>
    </ClInclude>
    <ClInclude Include="NumbersChallenge\include\Search.h">
      <Filter>Archivos de encabezado</Filter>
    </ClInclude>
    <ClInclude Include="LettersChallenge\include\Trie.h">
      <Filter>Archivos de encabezado</Filter>
    </ClInclude>
    <ClInclude Include="LettersChallenge\include\TrieQuery.h">
      <Filter>Archivos de encabezado</Filter>
    </ClInclude>
    <ClInclude Include="LettersChallenge\include\TrieSolver.h">
      <Filter>Archivos de encabezado</Filter>
    </ClInclude>
    <Text Include="data\inCifras.txt">
      <Filter>Archivos de recursos</Filter>
    </Text>
    <Text Include="data\inPalabras.txt">
      <Filter>Archivos de recursos</Filter>
    </Text>
    <!-- Todos los .h bajo include\ y subcarpetas -->
    <!-- Si tienes otros recursos de texto -->
    <ClCompile Include="NumbersChallenge\src\BFS.cpp">
      <Filter>Archivos de origen</Filter>
    </ClCompile>
    <ClCompile Include="NumbersChallenge\src\SearchFactory.cpp">
      <Filter>Archivos de origen</Filter>
    </ClCompile>
    <ClCompile Include="Common\src\GlobalAverage.cpp">
      <Filter>Archivos de origen</Filter>
    </ClCompile>
    <ClCompile Include="NumbersChallenge\src\SearchNumbers.cpp">
      <Filter>Archivos de origen</Filter>
    </ClCompile>
    <ClCompile Include="LettersChallenge\src\ProbabilityBuilder.cpp">
      <Filter>Archivos de origen</Filter>
    </ClCompile>
    <ClCompile Include="LettersChallenge\src\ProbabilityOrderHeuristic.cpp">
      <Filter>Archivos de origen</Filter>
    </ClCompile>
  </ItemGroup>
  <ItemGroup>
    <ClInclude Include="NumbersChallenge\include\BFS.h">
      <Filter>Archivos de encabezado</Filter>
    </ClInclude>
    <ClInclude Include="NumbersChallenge\include\SearchFactory.h">
      <Filter>Archivos de encabezado</Filter>
    </ClInclude>
    <ClInclude Include="Common\include\GlobalAverage.h">
      <Filter>Archivos de encabezado</Filter>
    </ClInclude>
    <ClInclude Include="NumbersChallenge\include\SearchNumbers.h">
      <Filter>Archivos de encabezado</Filter>
    </ClInclude>
    <ClInclude Include="LettersChallenge\include\ProbabilityBuilder.h">
      <Filter>Archivos de encabezado</Filter>
    </ClInclude>
    <ClInclude Include="LettersChallenge\include\ProbabilityOrderHeuristic.h">
      <Filter>Archivos de encabezado</Filter>
    </ClInclude>
  </ItemGroup>
  <ItemGroup>
    <Text Include="data\diccionario_todas_sin_tildes.txt" />
    <Text Include="data\inCifras.txt" />
    <Text Include="data\inPalabras.txt" />
  </ItemGroup>
</Project>