<?xml version="1.0" encoding="utf-8"?>
<Project ToolsVersion="4.0" xmlns="http://schemas.microsoft.com/developer/msbuild/2003">
  <ItemGroup>
    <Text Include="data\diccionario_todas_sin_tildes.txt" />
    <Text Include="data\inCifras.txt" />
    <Text Include="data\inPalabras.txt" />
  </ItemGroup>
  <ItemGroup>
    <ClInclude Include="include\BFS.h" />
    <ClInclude Include="include\DFS.h" />
    <ClInclude Include="include\Factory.h" />
    <ClInclude Include="include\FuncionesComunes.h" />
    <ClInclude Include="include\Search.h" />
    <ClInclude Include="include\Trie.h" />
    <ClInclude Include="include\TrieQuery.h" />
  </ItemGroup>
  <ItemGroup>
    <ClCompile Include="src\BFS.cpp" />
    <ClCompile Include="src\DFS.cpp" />
    <ClCompile Include="src\Factory.cpp" />
    <ClCompile Include="src\FuncionesComunes.cpp" />
    <ClCompile Include="src\Search.cpp" />
    <ClCompile Include="src\Source.cpp" />
  </ItemGroup>
</Project>